{
  "version": 4,
  "terraform_version": "1.7.5",
  "serial": 20,
  "lineage": "8d40d9a8-f559-576a-07bc-03d7d0e6d137",
  "outputs": {},
  "resources": [
    {
      "mode": "data",
      "type": "azurerm_resource_group",
      "name": "rg1",
      "provider": "provider[\"registry.terraform.io/hashicorp/azurerm\"]",
      "instances": [
        {
          "schema_version": 0,
          "attributes": {
            "id": "/subscriptions/28a659e3-7f8b-4051-8037-2fc40fed19d3/resourceGroups/Nextopsvideos",
            "location": "eastus",
            "name": "Nextopsvideos",
            "tags": {},
            "timeouts": null
          },
          "sensitive_attributes": []
        }
      ]
    },
    {
      "mode": "data",
      "type": "azurerm_subnet",
      "name": "subnet1",
      "provider": "provider[\"registry.terraform.io/hashicorp/azurerm\"]",
      "instances": [
        {
          "schema_version": 0,
          "attributes": {
            "address_prefix": "",
            "address_prefixes": [
              "10.0.0.0/24"
            ],
            "enforce_private_link_endpoint_network_policies": true,
            "enforce_private_link_service_network_policies": false,
            "id": "/subscriptions/28a659e3-7f8b-4051-8037-2fc40fed19d3/resourceGroups/Nextopsvideos/providers/Microsoft.Network/virtualNetworks/Nextopsvnet1/subnets/subnet01",
            "name": "subnet01",
            "network_security_group_id": "",
            "resource_group_name": "Nextopsvideos",
            "route_table_id": "",
            "service_endpoints": [],
            "timeouts": null,
            "virtual_network_name": "Nextopsvnet1"
          },
          "sensitive_attributes": []
        }
      ]
    },
    {
      "mode": "data",
      "type": "azurerm_virtual_network",
      "name": "vnet1",
      "provider": "provider[\"registry.terraform.io/hashicorp/azurerm\"]",
      "instances": [
        {
          "schema_version": 0,
          "attributes": {
            "address_space": [
              "10.0.0.0/16"
            ],
            "dns_servers": null,
            "guid": "bf173bc0-4504-49cf-8c19-f39673c03bca",
            "id": "/subscriptions/28a659e3-7f8b-4051-8037-2fc40fed19d3/resourceGroups/Nextopsvideos/providers/Microsoft.Network/virtualNetworks/Nextopsvnet1",
            "location": "eastus",
            "name": "Nextopsvnet1",
            "resource_group_name": "Nextopsvideos",
            "subnets": [
              "subnet01"
            ],
            "tags": {},
            "timeouts": null,
            "vnet_peerings": {},
            "vnet_peerings_addresses": []
          },
          "sensitive_attributes": []
        }
      ]
    },
    {
      "mode": "managed",
      "type": "azurerm_network_interface",
      "name": "nic1",
      "provider": "provider[\"registry.terraform.io/hashicorp/azurerm\"]",
      "instances": [
        {
          "schema_version": 0,
          "attributes": {
            "applied_dns_servers": [],
            "dns_servers": [],
            "edge_zone": "",
            "enable_accelerated_networking": false,
            "enable_ip_forwarding": false,
            "id": "/subscriptions/28a659e3-7f8b-4051-8037-2fc40fed19d3/resourceGroups/Nextopsvideos/providers/Microsoft.Network/networkInterfaces/Nextopsvm-nic",
            "internal_dns_name_label": "",
            "internal_domain_name_suffix": "ya3rppyeixhutdaz4olhhqb1zc.bx.internal.cloudapp.net",
            "ip_configuration": [
              {
                "gateway_load_balancer_frontend_ip_configuration_id": "",
                "name": "internal",
                "primary": true,
                "private_ip_address": "10.0.0.4",
                "private_ip_address_allocation": "Dynamic",
                "private_ip_address_version": "IPv4",
                "public_ip_address_id": "",
                "subnet_id": "/subscriptions/28a659e3-7f8b-4051-8037-2fc40fed19d3/resourceGroups/Nextopsvideos/providers/Microsoft.Network/virtualNetworks/Nextopsvnet1/subnets/subnet01"
              }
            ],
            "location": "eastus",
            "mac_address": "",
            "name": "Nextopsvm-nic",
            "private_ip_address": "10.0.0.4",
            "private_ip_addresses": [
              "10.0.0.4"
            ],
            "resource_group_name": "Nextopsvideos",
            "tags": null,
            "timeouts": null,
            "virtual_machine_id": ""
          },
          "sensitive_attributes": [],
          "private": "eyJlMmJmYjczMC1lY2FhLTExZTYtOGY4OC0zNDM2M2JjN2M0YzAiOnsiY3JlYXRlIjoxODAwMDAwMDAwMDAwLCJkZWxldGUiOjE4MDAwMDAwMDAwMDAsInJlYWQiOjMwMDAwMDAwMDAwMCwidXBkYXRlIjoxODAwMDAwMDAwMDAwfX0=",
          "dependencies": [
            "data.azurerm_resource_group.rg1",
            "data.azurerm_subnet.subnet1",
            "data.azurerm_virtual_network.vnet1"
          ]
        }
      ]
    },
    {
      "mode": "managed",
      "type": "azurerm_network_security_group",
      "name": "nsg1",
      "provider": "provider[\"registry.terraform.io/hashicorp/azurerm\"]",
      "instances": [
        {
          "schema_version": 0,
          "attributes": {
            "id": "/subscriptions/28a659e3-7f8b-4051-8037-2fc40fed19d3/resourceGroups/Nextopsvideos/providers/Microsoft.Network/networkSecurityGroups/Nextops-nsg1",
            "location": "eastus",
            "name": "Nextops-nsg1",
            "resource_group_name": "Nextopsvideos",
            "security_rule": [],
            "tags": null,
            "timeouts": null
          },
          "sensitive_attributes": [],
          "private": "eyJlMmJmYjczMC1lY2FhLTExZTYtOGY4OC0zNDM2M2JjN2M0YzAiOnsiY3JlYXRlIjoxODAwMDAwMDAwMDAwLCJkZWxldGUiOjE4MDAwMDAwMDAwMDAsInJlYWQiOjMwMDAwMDAwMDAwMCwidXBkYXRlIjoxODAwMDAwMDAwMDAwfX0=",
          "dependencies": [
            "data.azurerm_resource_group.rg1"
          ]
        }
      ]
    },
    {
      "mode": "managed",
      "type": "azurerm_network_security_rule",
      "name": "rdp",
      "provider": "provider[\"registry.terraform.io/hashicorp/azurerm\"]",
      "instances": [
        {
          "schema_version": 0,
          "attributes": {
            "access": "Allow",
            "description": "",
            "destination_address_prefix": "*",
            "destination_address_prefixes": null,
            "destination_application_security_group_ids": null,
            "destination_port_range": "3389",
            "destination_port_ranges": null,
            "direction": "Inbound",
            "id": "/subscriptions/28a659e3-7f8b-4051-8037-2fc40fed19d3/resourceGroups/Nextopsvideos/providers/Microsoft.Network/networkSecurityGroups/Nextops-nsg1/securityRules/rdp",
            "name": "rdp",
            "network_security_group_name": "Nextops-nsg1",
            "priority": 102,
            "protocol": "Tcp",
            "resource_group_name": "Nextopsvideos",
            "source_address_prefix": "*",
            "source_address_prefixes": null,
            "source_application_security_group_ids": null,
            "source_port_range": "*",
            "source_port_ranges": null,
            "timeouts": null
          },
          "sensitive_attributes": [],
          "private": "eyJlMmJmYjczMC1lY2FhLTExZTYtOGY4OC0zNDM2M2JjN2M0YzAiOnsiY3JlYXRlIjoxODAwMDAwMDAwMDAwLCJkZWxldGUiOjE4MDAwMDAwMDAwMDAsInJlYWQiOjMwMDAwMDAwMDAwMCwidXBkYXRlIjoxODAwMDAwMDAwMDAwfX0=",
          "dependencies": [
            "azurerm_network_security_group.nsg1",
            "data.azurerm_resource_group.rg1"
          ]
        }
      ]
    },
    {
      "mode": "managed",
      "type": "azurerm_subnet_network_security_group_association",
      "name": "nsg_subnet_assoc",
      "provider": "provider[\"registry.terraform.io/hashicorp/azurerm\"]",
      "instances": [
        {
          "schema_version": 0,
          "attributes": {
            "id": "/subscriptions/28a659e3-7f8b-4051-8037-2fc40fed19d3/resourceGroups/Nextopsvideos/providers/Microsoft.Network/virtualNetworks/Nextopsvnet1/subnets/subnet01",
            "network_security_group_id": "/subscriptions/28a659e3-7f8b-4051-8037-2fc40fed19d3/resourceGroups/Nextopsvideos/providers/Microsoft.Network/networkSecurityGroups/Nextops-nsg1",
            "subnet_id": "/subscriptions/28a659e3-7f8b-4051-8037-2fc40fed19d3/resourceGroups/Nextopsvideos/providers/Microsoft.Network/virtualNetworks/Nextopsvnet1/subnets/subnet01",
            "timeouts": null
          },
          "sensitive_attributes": [],
          "private": "eyJlMmJmYjczMC1lY2FhLTExZTYtOGY4OC0zNDM2M2JjN2M0YzAiOnsiY3JlYXRlIjoxODAwMDAwMDAwMDAwLCJkZWxldGUiOjE4MDAwMDAwMDAwMDAsInJlYWQiOjMwMDAwMDAwMDAwMCwidXBkYXRlIjoxODAwMDAwMDAwMDAwfX0=",
          "dependencies": [
            "azurerm_network_security_group.nsg1",
            "data.azurerm_resource_group.rg1",
            "data.azurerm_subnet.subnet1",
            "data.azurerm_virtual_network.vnet1"
          ]
        }
      ]
    }
  ],
  "check_results": null
}
